// !$*UTF8*$!
{
	archiveVersion = 1;
	classes = {
	};
	objectVersion = 51;
	objects = {

/* Begin PBXBuildFile section */
		2E2CF41926527B6D00ADB5F8 /* ContentView.swift in Sources */ = {isa = PBXBuildFile; fileRef = 2E2CF41826527B6D00ADB5F8 /* ContentView.swift */; };
		2E2CF41B26527B7200ADB5F8 /* Assets.xcassets in Resources */ = {isa = PBXBuildFile; fileRef = 2E2CF41A26527B7200ADB5F8 /* Assets.xcassets */; };
		2E2CF41E26527B7200ADB5F8 /* Preview Assets.xcassets in Resources */ = {isa = PBXBuildFile; fileRef = 2E2CF41D26527B7200ADB5F8 /* Preview Assets.xcassets */; };
		2E2CF42826527BC100ADB5F8 /* Launch Screen.storyboard in Resources */ = {isa = PBXBuildFile; fileRef = 2E2CF42726527BC100ADB5F8 /* Launch Screen.storyboard */; };
		2E2CF42B26527BEF00ADB5F8 /* AppDelegate.swift in Sources */ = {isa = PBXBuildFile; fileRef = 2E2CF42A26527BEF00ADB5F8 /* AppDelegate.swift */; };
		2E2CF42E26527C1F00ADB5F8 /* SceneDelegate.swift in Sources */ = {isa = PBXBuildFile; fileRef = 2E2CF42D26527C1F00ADB5F8 /* SceneDelegate.swift */; };
		2E2CF432265280D000ADB5F8 /* GoogleService-Info.plist in Resources */ = {isa = PBXBuildFile; fileRef = 2E2CF431265280D000ADB5F8 /* GoogleService-Info.plist */; };
		D60CE27A9E2033C743968A31 /* Pods_SignInAuthFirebase.framework in Frameworks */ = {isa = PBXBuildFile; fileRef = 8131FF25B0B102674F27EDCB /* Pods_SignInAuthFirebase.framework */; };
/* End PBXBuildFile section */

/* Begin PBXFileReference section */
		2E2CF41326527B6D00ADB5F8 /* SignInAuthFirebase.app */ = {isa = PBXFileReference; explicitFileType = wrapper.application; includeInIndex = 0; path = SignInAuthFirebase.app; sourceTree = BUILT_PRODUCTS_DIR; };
		2E2CF41826527B6D00ADB5F8 /* ContentView.swift */ = {isa = PBXFileReference; lastKnownFileType = sourcecode.swift; path = ContentView.swift; sourceTree = "<group>"; };
		2E2CF41A26527B7200ADB5F8 /* Assets.xcassets */ = {isa = PBXFileReference; lastKnownFileType = folder.assetcatalog; path = Assets.xcassets; sourceTree = "<group>"; };
		2E2CF41D26527B7200ADB5F8 /* Preview Assets.xcassets */ = {isa = PBXFileReference; lastKnownFileType = folder.assetcatalog; path = "Preview Assets.xcassets"; sourceTree = "<group>"; };
		2E2CF41F26527B7200ADB5F8 /* Info.plist */ = {isa = PBXFileReference; lastKnownFileType = text.plist.xml; path = Info.plist; sourceTree = "<group>"; };
		2E2CF42726527BC100ADB5F8 /* Launch Screen.storyboard */ = {isa = PBXFileReference; lastKnownFileType = file.storyboard; path = "Launch Screen.storyboard"; sourceTree = "<group>"; };
		2E2CF42A26527BEF00ADB5F8 /* AppDelegate.swift */ = {isa = PBXFileReference; lastKnownFileType = sourcecode.swift; path = AppDelegate.swift; sourceTree = "<group>"; };
		2E2CF42D26527C1F00ADB5F8 /* SceneDelegate.swift */ = {isa = PBXFileReference; lastKnownFileType = sourcecode.swift; path = SceneDelegate.swift; sourceTree = "<group>"; };
		2E2CF431265280D000ADB5F8 /* GoogleService-Info.plist */ = {isa = PBXFileReference; fileEncoding = 4; lastKnownFileType = text.plist.xml; path = "GoogleService-Info.plist"; sourceTree = "<group>"; };
		8131FF25B0B102674F27EDCB /* Pods_SignInAuthFirebase.framework */ = {isa = PBXFileReference; explicitFileType = wrapper.framework; includeInIndex = 0; path = Pods_SignInAuthFirebase.framework; sourceTree = BUILT_PRODUCTS_DIR; };
		8BAF765E88D78E539B4CEC9D /* Pods-SignInAuthFirebase.debug.xcconfig */ = {isa = PBXFileReference; includeInIndex = 1; lastKnownFileType = text.xcconfig; name = "Pods-SignInAuthFirebase.debug.xcconfig"; path = "Target Support Files/Pods-SignInAuthFirebase/Pods-SignInAuthFirebase.debug.xcconfig"; sourceTree = "<group>"; };
		F6A15162BDFD4F1DBE155C38 /* Pods-SignInAuthFirebase.release.xcconfig */ = {isa = PBXFileReference; includeInIndex = 1; lastKnownFileType = text.xcconfig; name = "Pods-SignInAuthFirebase.release.xcconfig"; path = "Target Support Files/Pods-SignInAuthFirebase/Pods-SignInAuthFirebase.release.xcconfig"; sourceTree = "<group>"; };
/* End PBXFileReference section */

/* Begin PBXFrameworksBuildPhase section */
		2E2CF41026527B6D00ADB5F8 /* Frameworks */ = {
			isa = PBXFrameworksBuildPhase;
			buildActionMask = 2147483647;
			files = (
				D60CE27A9E2033C743968A31 /* Pods_SignInAuthFirebase.framework in Frameworks */,
			);
			runOnlyForDeploymentPostprocessing = 0;
		};
/* End PBXFrameworksBuildPhase section */

/* Begin PBXGroup section */
		2E2CF40A26527B6D00ADB5F8 = {
			isa = PBXGroup;
			children = (
				2E2CF41526527B6D00ADB5F8 /* SignInAuthFirebase */,
				2E2CF41426527B6D00ADB5F8 /* Products */,
				A51E62690733346C572188D9 /* Pods */,
				AC93AC2C650251776977DCBD /* Frameworks */,
			);
			sourceTree = "<group>";
		};
		2E2CF41426527B6D00ADB5F8 /* Products */ = {
			isa = PBXGroup;
			children = (
				2E2CF41326527B6D00ADB5F8 /* SignInAuthFirebase.app */,
			);
			name = Products;
			sourceTree = "<group>";
		};
		2E2CF41526527B6D00ADB5F8 /* SignInAuthFirebase */ = {
			isa = PBXGroup;
			children = (
				2E2CF42A26527BEF00ADB5F8 /* AppDelegate.swift */,
				2E2CF42D26527C1F00ADB5F8 /* SceneDelegate.swift */,
				2E2CF41826527B6D00ADB5F8 /* ContentView.swift */,
				2E2CF41A26527B7200ADB5F8 /* Assets.xcassets */,
				2E2CF42726527BC100ADB5F8 /* Launch Screen.storyboard */,
				2E2CF41F26527B7200ADB5F8 /* Info.plist */,
				2E2CF431265280D000ADB5F8 /* GoogleService-Info.plist */,
				2E2CF41C26527B7200ADB5F8 /* Preview Content */,
			);
			path = SignInAuthFirebase;
			sourceTree = "<group>";
		};
		2E2CF41C26527B7200ADB5F8 /* Preview Content */ = {
			isa = PBXGroup;
			children = (
				2E2CF41D26527B7200ADB5F8 /* Preview Assets.xcassets */,
			);
			path = "Preview Content";
			sourceTree = "<group>";
		};
		A51E62690733346C572188D9 /* Pods */ = {
			isa = PBXGroup;
			children = (
				8BAF765E88D78E539B4CEC9D /* Pods-SignInAuthFirebase.debug.xcconfig */,
				F6A15162BDFD4F1DBE155C38 /* Pods-SignInAuthFirebase.release.xcconfig */,
			);
			path = Pods;
			sourceTree = "<group>";
		};
		AC93AC2C650251776977DCBD /* Frameworks */ = {
			isa = PBXGroup;
			children = (
				8131FF25B0B102674F27EDCB /* Pods_SignInAuthFirebase.framework */,
			);
			name = Frameworks;
			sourceTree = "<group>";
		};
/* End PBXGroup section */

/* Begin PBXNativeTarget section */
		2E2CF41226527B6D00ADB5F8 /* SignInAuthFirebase */ = {
			isa = PBXNativeTarget;
			buildConfigurationList = 2E2CF42226527B7200ADB5F8 /* Build configuration list for PBXNativeTarget "SignInAuthFirebase" */;
			buildPhases = (
				65B024F0926A8421B28E6C83 /* [CP] Check Pods Manifest.lock */,
				2E2CF40F26527B6D00ADB5F8 /* Sources */,
				2E2CF41026527B6D00ADB5F8 /* Frameworks */,
				2E2CF41126527B6D00ADB5F8 /* Resources */,
				39FEFB5686D545040DA8850B /* [CP] Embed Pods Frameworks */,
			);
			buildRules = (
			);
			dependencies = (
			);
			name = SignInAuthFirebase;
			productName = SignInAuthFirebase;
			productReference = 2E2CF41326527B6D00ADB5F8 /* SignInAuthFirebase.app */;
			productType = "com.apple.product-type.application";
		};
/* End PBXNativeTarget section */

/* Begin PBXProject section */
		2E2CF40B26527B6D00ADB5F8 /* Project object */ = {
			isa = PBXProject;
			attributes = {
				LastSwiftUpdateCheck = 1240;
				LastUpgradeCheck = 1240;
				TargetAttributes = {
					2E2CF41226527B6D00ADB5F8 = {
						CreatedOnToolsVersion = 12.4;
					};
				};
			};
			buildConfigurationList = 2E2CF40E26527B6D00ADB5F8 /* Build configuration list for PBXProject "SignInAuthFirebase" */;
			compatibilityVersion = "Xcode 9.3";
			developmentRegion = en;
			hasScannedForEncodings = 0;
			knownRegions = (
				en,
				Base,
			);
			mainGroup = 2E2CF40A26527B6D00ADB5F8;
			productRefGroup = 2E2CF41426527B6D00ADB5F8 /* Products */;
			projectDirPath = "";
			projectRoot = "";
			targets = (
				2E2CF41226527B6D00ADB5F8 /* SignInAuthFirebase */,
			);
		};
/* End PBXProject section */

/* Begin PBXResourcesBuildPhase section */
		2E2CF41126527B6D00ADB5F8 /* Resources */ = {
			isa = PBXResourcesBuildPhase;
			buildActionMask = 2147483647;
			files = (
				2E2CF432265280D000ADB5F8 /* GoogleService-Info.plist in Resources */,
				2E2CF42826527BC100ADB5F8 /* Launch Screen.storyboard in Resources */,
				2E2CF41E26527B7200ADB5F8 /* Preview Assets.xcassets in Resources */,
				2E2CF41B26527B7200ADB5F8 /* Assets.xcassets in Resources */,
			);
			runOnlyForDeploymentPostprocessing = 0;
		};
/* End PBXResourcesBuildPhase section */

/* Begin PBXShellScriptBuildPhase section */
		39FEFB5686D545040DA8850B /* [CP] Embed Pods Frameworks */ = {
			isa = PBXShellScriptBuildPhase;
			buildActionMask = 2147483647;
			files = (
			);
			inputFileListPaths = (
				"${PODS_ROOT}/Target Support Files/Pods-SignInAuthFirebase/Pods-SignInAuthFirebase-frameworks-${CONFIGURATION}-input-files.xcfilelist",
			);
			name = "[CP] Embed Pods Frameworks";
			outputFileListPaths = (
				"${PODS_ROOT}/Target Support Files/Pods-SignInAuthFirebase/Pods-SignInAuthFirebase-frameworks-${CONFIGURATION}-output-files.xcfilelist",
			);
			runOnlyForDeploymentPostprocessing = 0;
			shellPath = /bin/sh;
			shellScript = "\"${PODS_ROOT}/Target Support Files/Pods-SignInAuthFirebase/Pods-SignInAuthFirebase-frameworks.sh\"\n";
			showEnvVarsInLog = 0;
		};
		65B024F0926A8421B28E6C83 /* [CP] Check Pods Manifest.lock */ = {
			isa = PBXShellScriptBuildPhase;
			buildActionMask = 2147483647;
			files = (
			);
			inputFileListPaths = (
			);
			inputPaths = (
				"${PODS_PODFILE_DIR_PATH}/Podfile.lock",
				"${PODS_ROOT}/Manifest.lock",
			);
			name = "[CP] Check Pods Manifest.lock";
			outputFileListPaths = (
			);
			outputPaths = (
				"$(DERIVED_FILE_DIR)/Pods-SignInAuthFirebase-checkManifestLockResult.txt",
			);
			runOnlyForDeploymentPostprocessing = 0;
			shellPath = /bin/sh;
			shellScript = "diff \"${PODS_PODFILE_DIR_PATH}/Podfile.lock\" \"${PODS_ROOT}/Manifest.lock\" > /dev/null\nif [ $? != 0 ] ; then\n    # print error to STDERR\n    echo \"error: The sandbox is not in sync with the Podfile.lock. Run 'pod install' or update your CocoaPods installation.\" >&2\n    exit 1\nfi\n# This output is used by Xcode 'outputs' to avoid re-running this script phase.\necho \"SUCCESS\" > \"${SCRIPT_OUTPUT_FILE_0}\"\n";
			showEnvVarsInLog = 0;
		};
/* End PBXShellScriptBuildPhase section */

/* Begin PBXSourcesBuildPhase section */
		2E2CF40F26527B6D00ADB5F8 /* Sources */ = {
			isa = PBXSourcesBuildPhase;
			buildActionMask = 2147483647;
			files = (
				2E2CF42B26527BEF00ADB5F8 /* AppDelegate.swift in Sources */,
				2E2CF41926527B6D00ADB5F8 /* ContentView.swift in Sources */,
				2E2CF42E26527C1F00ADB5F8 /* SceneDelegate.swift in Sources */,
			);
			runOnlyForDeploymentPostprocessing = 0;
		};
/* End PBXSourcesBuildPhase section */

/* Begin XCBuildConfiguration section */
		2E2CF42026527B7200ADB5F8 /* Debug */ = {
			isa = XCBuildConfiguration;
			buildSettings = {
				ALWAYS_SEARCH_USER_PATHS = NO;
				CLANG_ANALYZER_NONNULL = YES;
				CLANG_ANALYZER_NUMBER_OBJECT_CONVERSION = YES_AGGRESSIVE;
				CLANG_CXX_LANGUAGE_STANDARD = "gnu++14";
				CLANG_CXX_LIBRARY = "libc++";
				CLANG_ENABLE_MODULES = YES;
				CLANG_ENABLE_OBJC_ARC = YES;
				CLANG_ENABLE_OBJC_WEAK = YES;
				CLANG_WARN_BLOCK_CAPTURE_AUTORELEASING = YES;
				CLANG_WARN_BOOL_CONVERSION = YES;
				CLANG_WARN_COMMA = YES;
				CLANG_WARN_CONSTANT_CONVERSION = YES;
				CLANG_WARN_DEPRECATED_OBJC_IMPLEMENTATIONS = YES;
				CLANG_WARN_DIRECT_OBJC_ISA_USAGE = YES_ERROR;
				CLANG_WARN_DOCUMENTATION_COMMENTS = YES;
				CLANG_WARN_EMPTY_BODY = YES;
				CLANG_WARN_ENUM_CONVERSION = YES;
				CLANG_WARN_INFINITE_RECURSION = YES;
				CLANG_WARN_INT_CONVERSION = YES;
				CLANG_WARN_NON_LITERAL_NULL_CONVERSION = YES;
				CLANG_WARN_OBJC_IMPLICIT_RETAIN_SELF = YES;
				CLANG_WARN_OBJC_LITERAL_CONVERSION = YES;
				CLANG_WARN_OBJC_ROOT_CLASS = YES_ERROR;
				CLANG_WARN_QUOTED_INCLUDE_IN_FRAMEWORK_HEADER = YES;
				CLANG_WARN_RANGE_LOOP_ANALYSIS = YES;
				CLANG_WARN_STRICT_PROTOTYPES = YES;
				CLANG_WARN_SUSPICIOUS_MOVE = YES;
				CLANG_WARN_UNGUARDED_AVAILABILITY = YES_AGGRESSIVE;
				CLANG_WARN_UNREACHABLE_CODE = YES;
				CLANG_WARN__DUPLICATE_METHOD_MATCH = YES;
				COPY_PHASE_STRIP = NO;
				DEBUG_INFORMATION_FORMAT = dwarf;
				ENABLE_STRICT_OBJC_MSGSEND = YES;
				ENABLE_TESTABILITY = YES;
				GCC_C_LANGUAGE_STANDARD = gnu11;
				GCC_DYNAMIC_NO_PIC = NO;
				GCC_NO_COMMON_BLOCKS = YES;
				GCC_OPTIMIZATION_LEVEL = 0;
				GCC_PREPROCESSOR_DEFINITIONS = (
					"DEBUG=1",
					"$(inherited)",
				);
				GCC_WARN_64_TO_32_BIT_CONVERSION = YES;
				GCC_WARN_ABOUT_RETURN_TYPE = YES_ERROR;
				GCC_WARN_UNDECLARED_SELECTOR = YES;
				GCC_WARN_UNINITIALIZED_AUTOS = YES_AGGRESSIVE;
				GCC_WARN_UNUSED_FUNCTION = YES;
				GCC_WARN_UNUSED_VARIABLE = YES;
				IPHONEOS_DEPLOYMENT_TARGET = 14.4;
				MTL_ENABLE_DEBUG_INFO = INCLUDE_SOURCE;
				MTL_FAST_MATH = YES;
				ONLY_ACTIVE_ARCH = YES;
				SDKROOT = iphoneos;
				SWIFT_ACTIVE_COMPILATION_CONDITIONS = DEBUG;
				SWIFT_OPTIMIZATION_LEVEL = "-Onone";
			};
			name = Debug;
		};
		2E2CF42126527B7200ADB5F8 /* Release */ = {
			isa = XCBuildConfiguration;
			buildSettings = {
				ALWAYS_SEARCH_USER_PATHS = NO;
				CLANG_ANALYZER_NONNULL = YES;
				CLANG_ANALYZER_NUMBER_OBJECT_CONVERSION = YES_AGGRESSIVE;
				CLANG_CXX_LANGUAGE_STANDARD = "gnu++14";
				CLANG_CXX_LIBRARY = "libc++";
				CLANG_ENABLE_MODULES = YES;
				CLANG_ENABLE_OBJC_ARC = YES;
				CLANG_ENABLE_OBJC_WEAK = YES;
				CLANG_WARN_BLOCK_CAPTURE_AUTORELEASING = YES;
				CLANG_WARN_BOOL_CONVERSION = YES;
				CLANG_WARN_COMMA = YES;
				CLANG_WARN_CONSTANT_CONVERSION = YES;
				CLANG_WARN_DEPRECATED_OBJC_IMPLEMENTATIONS = YES;
				CLANG_WARN_DIRECT_OBJC_ISA_USAGE = YES_ERROR;
				CLANG_WARN_DOCUMENTATION_COMMENTS = YES;
				CLANG_WARN_EMPTY_BODY = YES;
				CLANG_WARN_ENUM_CONVERSION = YES;
				CLANG_WARN_INFINITE_RECURSION = YES;
				CLANG_WARN_INT_CONVERSION = YES;
				CLANG_WARN_NON_LITERAL_NULL_CONVERSION = YES;
				CLANG_WARN_OBJC_IMPLICIT_RETAIN_SELF = YES;
				CLANG_WARN_OBJC_LITERAL_CONVERSION = YES;
				CLANG_WARN_OBJC_ROOT_CLASS = YES_ERROR;
				CLANG_WARN_QUOTED_INCLUDE_IN_FRAMEWORK_HEADER = YES;
				CLANG_WARN_RANGE_LOOP_ANALYSIS = YES;
				CLANG_WARN_STRICT_PROTOTYPES = YES;
				CLANG_WARN_SUSPICIOUS_MOVE = YES;
				CLANG_WARN_UNGUARDED_AVAILABILITY = YES_AGGRESSIVE;
				CLANG_WARN_UNREACHABLE_CODE = YES;
				CLANG_WARN__DUPLICATE_METHOD_MATCH = YES;
				COPY_PHASE_STRIP = NO;
				DEBUG_INFORMATION_FORMAT = "dwarf-with-dsym";
				ENABLE_NS_ASSERTIONS = NO;
				ENABLE_STRICT_OBJC_MSGSEND = YES;
				GCC_C_LANGUAGE_STANDARD = gnu11;
				GCC_NO_COMMON_BLOCKS = YES;
				GCC_WARN_64_TO_32_BIT_CONVERSION = YES;
				GCC_WARN_ABOUT_RETURN_TYPE = YES_ERROR;
				GCC_WARN_UNDECLARED_SELECTOR = YES;
				GCC_WARN_UNINITIALIZED_AUTOS = YES_AGGRESSIVE;
				GCC_WARN_UNUSED_FUNCTION = YES;
				GCC_WARN_UNUSED_VARIABLE = YES;
				IPHONEOS_DEPLOYMENT_TARGET = 14.4;
				MTL_ENABLE_DEBUG_INFO = NO;
				MTL_FAST_MATH = YES;
				SDKROOT = iphoneos;
				SWIFT_COMPILATION_MODE = wholemodule;
				SWIFT_OPTIMIZATION_LEVEL = "-O";
				VALIDATE_PRODUCT = YES;
			};
			name = Release;
		};
		2E2CF42326527B7200ADB5F8 /* Debug */ = {
			isa = XCBuildConfiguration;
			baseConfigurationReference = 8BAF765E88D78E539B4CEC9D /* Pods-SignInAuthFirebase.debug.xcconfig */;
			buildSettings = {
				ASSETCATALOG_COMPILER_APPICON_NAME = AppIcon;
				ASSETCATALOG_COMPILER_GLOBAL_ACCENT_COLOR_NAME = AccentColor;
				CODE_SIGN_STYLE = Automatic;
				DEVELOPMENT_ASSET_PATHS = "\"SignInAuthFirebase/Preview Content\"";
				ENABLE_PREVIEWS = YES;
				INFOPLIST_FILE = SignInAuthFirebase/Info.plist;
				IPHONEOS_DEPLOYMENT_TARGET = 14.0;
				LD_RUNPATH_SEARCH_PATHS = (
					"$(inherited)",
					"@executable_path/Frameworks",
				);
				PRODUCT_BUNDLE_IDENTIFIER = ru.laranweb.SignInAuthFirebase;
				PRODUCT_NAME = "$(TARGET_NAME)";
				SWIFT_VERSION = 5.0;
				TARGETED_DEVICE_FAMILY = "1,2";
			};
			name = Debug;
		};
		2E2CF42426527B7200ADB5F8 /* Release */ = {
			isa = XCBuildConfiguration;
			baseConfigurationReference = F6A15162BDFD4F1DBE155C38 /* Pods-SignInAuthFirebase.release.xcconfig */;
			buildSettings = {
				ASSETCATALOG_COMPILER_APPICON_NAME = AppIcon;
				ASSETCATALOG_COMPILER_GLOBAL_ACCENT_COLOR_NAME = AccentColor;
				CODE_SIGN_STYLE = Automatic;
				DEVELOPMENT_ASSET_PATHS = "\"SignInAuthFirebase/Preview Content\"";
				ENABLE_PREVIEWS = YES;
				INFOPLIST_FILE = SignInAuthFirebase/Info.plist;
				IPHONEOS_DEPLOYMENT_TARGET = 14.0;
				LD_RUNPATH_SEARCH_PATHS = (
					"$(inherited)",
					"@executable_path/Frameworks",
				);
				PRODUCT_BUNDLE_IDENTIFIER = ru.laranweb.SignInAuthFirebase;
				PRODUCT_NAME = "$(TARGET_NAME)";
				SWIFT_VERSION = 5.0;
				TARGETED_DEVICE_FAMILY = "1,2";
			};
			name = Release;
		};
/* End XCBuildConfiguration section */

/* Begin XCConfigurationList section */
		2E2CF40E26527B6D00ADB5F8 /* Build configuration list for PBXProject "SignInAuthFirebase" */ = {
			isa = XCConfigurationList;
			buildConfigurations = (
				2E2CF42026527B7200ADB5F8 /* Debug */,
				2E2CF42126527B7200ADB5F8 /* Release */,
			);
			defaultConfigurationIsVisible = 0;
			defaultConfigurationName = Release;
		};
		2E2CF42226527B7200ADB5F8 /* Build configuration list for PBXNativeTarget "SignInAuthFirebase" */ = {
			isa = XCConfigurationList;
			buildConfigurations = (
				2E2CF42326527B7200ADB5F8 /* Debug */,
				2E2CF42426527B7200ADB5F8 /* Release */,
			);
			defaultConfigurationIsVisible = 0;
			defaultConfigurationName = Release;
		};
/* End XCConfigurationList section */
	};
	rootObject = 2E2CF40B26527B6D00ADB5F8 /* Project object */;
}
